
Microsoft Visual Studio Solution File, Format Version 12.00
# Visual Studio 15
VisualStudioVersion = 15.0.27703.2035
MinimumVisualStudioVersion = 10.0.40219.1
Project("{FAE04EC0-301F-11D3-BF4B-00C04F79EFBC}") = "ThreetierArc", "ThreetierArc\ThreetierArc.csproj", "{EC9301D6-7DBF-4104-B950-DE3C896E0D17}"
EndProject
Project("{FAE04EC0-301F-11D3-BF4B-00C04F79EFBC}") = "DAL", "ClassLibrary1\DAL.csproj", "{993E7D04-4197-40C8-8AC6-7C1FC35858B3}"
EndProject
Project("{FAE04EC0-301F-11D3-BF4B-00C04F79EFBC}") = "BL", "ClassLibrary2\BL.csproj", "{1322A582-A4B9-46B2-99E3-05B39CB6119D}"
EndProject
Project("{FAE04EC0-301F-11D3-BF4B-00C04F79EFBC}") = "Entities", "ClassLibrary3\Entities.csproj", "{EE6ACADE-3839-46E6-9374-1A0EA66FA73F}"
EndProject
Global
	GlobalSection(SolutionConfigurationPlatforms) = preSolution
		Debug|Any CPU = Debug|Any CPU
		Release|Any CPU = Release|Any CPU
	EndGlobalSection
	GlobalSection(ProjectConfigurationPlatforms) = postSolution
		{EC9301D6-7DBF-4104-B950-DE3C896E0D17}.Debug|Any CPU.ActiveCfg = Debug|Any CPU
		{EC9301D6-7DBF-4104-B950-DE3C896E0D17}.Debug|Any CPU.Build.0 = Debug|Any CPU
		{EC9301D6-7DBF-4104-B950-DE3C896E0D17}.Release|Any CPU.ActiveCfg = Release|Any CPU
		{EC9301D6-7DBF-4104-B950-DE3C896E0D17}.Release|Any CPU.Build.0 = Release|Any CPU
		{993E7D04-4197-40C8-8AC6-7C1FC35858B3}.Debug|Any CPU.ActiveCfg = Debug|Any CPU
		{993E7D04-4197-40C8-8AC6-7C1FC35858B3}.Debug|Any CPU.Build.0 = Debug|Any CPU
		{993E7D04-4197-40C8-8AC6-7C1FC35858B3}.Release|Any CPU.ActiveCfg = Release|Any CPU
		{993E7D04-4197-40C8-8AC6-7C1FC35858B3}.Release|Any CPU.Build.0 = Release|Any CPU
		{1322A582-A4B9-46B2-99E3-05B39CB6119D}.Debug|Any CPU.ActiveCfg = Debug|Any CPU
		{1322A582-A4B9-46B2-99E3-05B39CB6119D}.Debug|Any CPU.Build.0 = Debug|Any CPU
		{1322A582-A4B9-46B2-99E3-05B39CB6119D}.Release|Any CPU.ActiveCfg = Release|Any CPU
		{1322A582-A4B9-46B2-99E3-05B39CB6119D}.Release|Any CPU.Build.0 = Release|Any CPU
		{EE6ACADE-3839-46E6-9374-1A0EA66FA73F}.Debug|Any CPU.ActiveCfg = Debug|Any CPU
		{EE6ACADE-3839-46E6-9374-1A0EA66FA73F}.Debug|Any CPU.Build.0 = Debug|Any CPU
		{EE6ACADE-3839-46E6-9374-1A0EA66FA73F}.Release|Any CPU.ActiveCfg = Release|Any CPU
		{EE6ACADE-3839-46E6-9374-1A0EA66FA73F}.Release|Any CPU.Build.0 = Release|Any CPU
	EndGlobalSection
	GlobalSection(SolutionProperties) = preSolution
		HideSolutionNode = FALSE
	EndGlobalSection
	GlobalSection(ExtensibilityGlobals) = postSolution
		SolutionGuid = {49B710CB-5D1B-43CF-A48D-A0E96357A4AA}
	EndGlobalSection
EndGlobal
